
Microsoft Visual Studio Solution File, Format Version 12.00
# Visual Studio Version 16
VisualStudioVersion = 16.0.28407.52
MinimumVisualStudioVersion = 10.0.40219.1
Project("{FAE04EC0-301F-11D3-BF4B-00C04F79EFBC}") = "ZStdTool", "ZStdTool\ZStdTool.csproj", "{374F3C5A-C86B-4A22-A7E7-631FD3C87B9E}"
EndProject
Global
	GlobalSection(SolutionConfigurationPlatforms) = preSolution
		Debug|Any CPU = Debug|Any CPU
		Release|Any CPU = Release|Any CPU
	EndGlobalSection
	GlobalSection(ProjectConfigurationPlatforms) = postSolution
		{374F3C5A-C86B-4A22-A7E7-631FD3C87B9E}.Debug|Any CPU.ActiveCfg = Debug|Any CPU
		{374F3C5A-C86B-4A22-A7E7-631FD3C87B9E}.Debug|Any CPU.Build.0 = Debug|Any CPU
		{374F3C5A-C86B-4A22-A7E7-631FD3C87B9E}.Release|Any CPU.ActiveCfg = Release|Any CPU
		{374F3C5A-C86B-4A22-A7E7-631FD3C87B9E}.Release|Any CPU.Build.0 = Release|Any CPU
	EndGlobalSection
	GlobalSection(SolutionProperties) = preSolution
		HideSolutionNode = FALSE
	EndGlobalSection
	GlobalSection(ExtensibilityGlobals) = postSolution
		SolutionGuid = {D1516E06-24AC-4393-8A52-925905189825}
	EndGlobalSection
EndGlobal
